// !$*UTF8*$!
{
	archiveVersion = 1;
	classes = {
	};
	objectVersion = 56;
	objects = {

/* Begin PBXBuildFile section */
		41A2742C2C1AEE69007E339A /* BookWormSwiftDataVerApp.swift in Sources */ = {isa = PBXBuildFile; fileRef = 41A2742B2C1AEE69007E339A /* BookWormSwiftDataVerApp.swift */; };
		41A2742E2C1AEE69007E339A /* ContentView.swift in Sources */ = {isa = PBXBuildFile; fileRef = 41A2742D2C1AEE69007E339A /* ContentView.swift */; };
		41A274322C1AEE6B007E339A /* Assets.xcassets in Resources */ = {isa = PBXBuildFile; fileRef = 41A274312C1AEE6B007E339A /* Assets.xcassets */; };
		41A274352C1AEE6B007E339A /* Preview Assets.xcassets in Resources */ = {isa = PBXBuildFile; fileRef = 41A274342C1AEE6B007E339A /* Preview Assets.xcassets */; };
		41A2743C2C1AEE91007E339A /* Book.swift in Sources */ = {isa = PBXBuildFile; fileRef = 41A2743B2C1AEE91007E339A /* Book.swift */; };
		41A2743F2C1AEF2C007E339A /* AddBookView.swift in Sources */ = {isa = PBXBuildFile; fileRef = 41A2743E2C1AEF2C007E339A /* AddBookView.swift */; };
		41A274412C1AF09A007E339A /* RatingView.swift in Sources */ = {isa = PBXBuildFile; fileRef = 41A274402C1AF09A007E339A /* RatingView.swift */; };
		41A274432C1AF377007E339A /* EmojiRatingView.swift in Sources */ = {isa = PBXBuildFile; fileRef = 41A274422C1AF377007E339A /* EmojiRatingView.swift */; };
		41A274452C1AF56F007E339A /* DetailView.swift in Sources */ = {isa = PBXBuildFile; fileRef = 41A274442C1AF56F007E339A /* DetailView.swift */; };
/* End PBXBuildFile section */

/* Begin PBXFileReference section */
		41A274282C1AEE69007E339A /* BookWormSwiftDataVer.app */ = {isa = PBXFileReference; explicitFileType = wrapper.application; includeInIndex = 0; path = BookWormSwiftDataVer.app; sourceTree = BUILT_PRODUCTS_DIR; };
		41A2742B2C1AEE69007E339A /* BookWormSwiftDataVerApp.swift */ = {isa = PBXFileReference; lastKnownFileType = sourcecode.swift; path = BookWormSwiftDataVerApp.swift; sourceTree = "<group>"; };
		41A2742D2C1AEE69007E339A /* ContentView.swift */ = {isa = PBXFileReference; lastKnownFileType = sourcecode.swift; path = ContentView.swift; sourceTree = "<group>"; };
		41A274312C1AEE6B007E339A /* Assets.xcassets */ = {isa = PBXFileReference; lastKnownFileType = folder.assetcatalog; path = Assets.xcassets; sourceTree = "<group>"; };
		41A274342C1AEE6B007E339A /* Preview Assets.xcassets */ = {isa = PBXFileReference; lastKnownFileType = folder.assetcatalog; path = "Preview Assets.xcassets"; sourceTree = "<group>"; };
		41A2743B2C1AEE91007E339A /* Book.swift */ = {isa = PBXFileReference; lastKnownFileType = sourcecode.swift; path = Book.swift; sourceTree = "<group>"; };
		41A2743E2C1AEF2C007E339A /* AddBookView.swift */ = {isa = PBXFileReference; lastKnownFileType = sourcecode.swift; path = AddBookView.swift; sourceTree = "<group>"; };
		41A274402C1AF09A007E339A /* RatingView.swift */ = {isa = PBXFileReference; lastKnownFileType = sourcecode.swift; path = RatingView.swift; sourceTree = "<group>"; };
		41A274422C1AF377007E339A /* EmojiRatingView.swift */ = {isa = PBXFileReference; lastKnownFileType = sourcecode.swift; path = EmojiRatingView.swift; sourceTree = "<group>"; };
		41A274442C1AF56F007E339A /* DetailView.swift */ = {isa = PBXFileReference; lastKnownFileType = sourcecode.swift; path = DetailView.swift; sourceTree = "<group>"; };
/* End PBXFileReference section */

/* Begin PBXFrameworksBuildPhase section */
		41A274252C1AEE69007E339A /* Frameworks */ = {
			isa = PBXFrameworksBuildPhase;
			buildActionMask = 2147483647;
			files = (
			);
			runOnlyForDeploymentPostprocessing = 0;
		};
/* End PBXFrameworksBuildPhase section */

/* Begin PBXGroup section */
		41A2741F2C1AEE69007E339A = {
			isa = PBXGroup;
			children = (
				41A2742A2C1AEE69007E339A /* BookWormSwiftDataVer */,
				41A274292C1AEE69007E339A /* Products */,
			);
			sourceTree = "<group>";
		};
		41A274292C1AEE69007E339A /* Products */ = {
			isa = PBXGroup;
			children = (
				41A274282C1AEE69007E339A /* BookWormSwiftDataVer.app */,
			);
			name = Products;
			sourceTree = "<group>";
		};
		41A2742A2C1AEE69007E339A /* BookWormSwiftDataVer */ = {
			isa = PBXGroup;
			children = (
				41A2742B2C1AEE69007E339A /* BookWormSwiftDataVerApp.swift */,
				41A2742D2C1AEE69007E339A /* ContentView.swift */,
				41A274312C1AEE6B007E339A /* Assets.xcassets */,
				41A274332C1AEE6B007E339A /* Preview Content */,
				41A2743B2C1AEE91007E339A /* Book.swift */,
				41A2743E2C1AEF2C007E339A /* AddBookView.swift */,
				41A274402C1AF09A007E339A /* RatingView.swift */,
				41A274422C1AF377007E339A /* EmojiRatingView.swift */,
				41A274442C1AF56F007E339A /* DetailView.swift */,
			);
			path = BookWormSwiftDataVer;
			sourceTree = "<group>";
		};
		41A274332C1AEE6B007E339A /* Preview Content */ = {
			isa = PBXGroup;
			children = (
				41A274342C1AEE6B007E339A /* Preview Assets.xcassets */,
			);
			path = "Preview Content";
			sourceTree = "<group>";
		};
/* End PBXGroup section */

/* Begin PBXNativeTarget section */
		41A274272C1AEE69007E339A /* BookWormSwiftDataVer */ = {
			isa = PBXNativeTarget;
			buildConfigurationList = 41A274382C1AEE6B007E339A /* Build configuration list for PBXNativeTarget "BookWormSwiftDataVer" */;
			buildPhases = (
				41A274242C1AEE69007E339A /* Sources */,
				41A274252C1AEE69007E339A /* Frameworks */,
				41A274262C1AEE69007E339A /* Resources */,
			);
			buildRules = (
			);
			dependencies = (
			);
			name = BookWormSwiftDataVer;
			productName = BookWormSwiftDataVer;
			productReference = 41A274282C1AEE69007E339A /* BookWormSwiftDataVer.app */;
			productType = "com.apple.product-type.application";
		};
/* End PBXNativeTarget section */

/* Begin PBXProject section */
		41A274202C1AEE69007E339A /* Project object */ = {
			isa = PBXProject;
			attributes = {
				BuildIndependentTargetsInParallel = 1;
				LastSwiftUpdateCheck = 1540;
				LastUpgradeCheck = 1540;
				TargetAttributes = {
					41A274272C1AEE69007E339A = {
						CreatedOnToolsVersion = 15.4;
					};
				};
			};
			buildConfigurationList = 41A274232C1AEE69007E339A /* Build configuration list for PBXProject "BookWormSwiftDataVer" */;
			compatibilityVersion = "Xcode 14.0";
			developmentRegion = en;
			hasScannedForEncodings = 0;
			knownRegions = (
				en,
				Base,
			);
			mainGroup = 41A2741F2C1AEE69007E339A;
			productRefGroup = 41A274292C1AEE69007E339A /* Products */;
			projectDirPath = "";
			projectRoot = "";
			targets = (
				41A274272C1AEE69007E339A /* BookWormSwiftDataVer */,
			);
		};
/* End PBXProject section */

/* Begin PBXResourcesBuildPhase section */
		41A274262C1AEE69007E339A /* Resources */ = {
			isa = PBXResourcesBuildPhase;
			buildActionMask = 2147483647;
			files = (
				41A274352C1AEE6B007E339A /* Preview Assets.xcassets in Resources */,
				41A274322C1AEE6B007E339A /* Assets.xcassets in Resources */,
			);
			runOnlyForDeploymentPostprocessing = 0;
		};
/* End PBXResourcesBuildPhase section */

/* Begin PBXSourcesBuildPhase section */
		41A274242C1AEE69007E339A /* Sources */ = {
			isa = PBXSourcesBuildPhase;
			buildActionMask = 2147483647;
			files = (
				41A274432C1AF377007E339A /* EmojiRatingView.swift in Sources */,
				41A2743C2C1AEE91007E339A /* Book.swift in Sources */,
				41A2742E2C1AEE69007E339A /* ContentView.swift in Sources */,
				41A274452C1AF56F007E339A /* DetailView.swift in Sources */,
				41A274412C1AF09A007E339A /* RatingView.swift in Sources */,
				41A2742C2C1AEE69007E339A /* BookWormSwiftDataVerApp.swift in Sources */,
				41A2743F2C1AEF2C007E339A /* AddBookView.swift in Sources */,
			);
			runOnlyForDeploymentPostprocessing = 0;
		};
/* End PBXSourcesBuildPhase section */

/* Begin XCBuildConfiguration section */
		41A274362C1AEE6B007E339A /* Debug */ = {
			isa = XCBuildConfiguration;
			buildSettings = {
				ALWAYS_SEARCH_USER_PATHS = NO;
				ASSETCATALOG_COMPILER_GENERATE_SWIFT_ASSET_SYMBOL_EXTENSIONS = YES;
				CLANG_ANALYZER_NONNULL = YES;
				CLANG_ANALYZER_NUMBER_OBJECT_CONVERSION = YES_AGGRESSIVE;
				CLANG_CXX_LANGUAGE_STANDARD = "gnu++20";
				CLANG_ENABLE_MODULES = YES;
				CLANG_ENABLE_OBJC_ARC = YES;
				CLANG_ENABLE_OBJC_WEAK = YES;
				CLANG_WARN_BLOCK_CAPTURE_AUTORELEASING = YES;
				CLANG_WARN_BOOL_CONVERSION = YES;
				CLANG_WARN_COMMA = YES;
				CLANG_WARN_CONSTANT_CONVERSION = YES;
				CLANG_WARN_DEPRECATED_OBJC_IMPLEMENTATIONS = YES;
				CLANG_WARN_DIRECT_OBJC_ISA_USAGE = YES_ERROR;
				CLANG_WARN_DOCUMENTATION_COMMENTS = YES;
				CLANG_WARN_EMPTY_BODY = YES;
				CLANG_WARN_ENUM_CONVERSION = YES;
				CLANG_WARN_INFINITE_RECURSION = YES;
				CLANG_WARN_INT_CONVERSION = YES;
				CLANG_WARN_NON_LITERAL_NULL_CONVERSION = YES;
				CLANG_WARN_OBJC_IMPLICIT_RETAIN_SELF = YES;
				CLANG_WARN_OBJC_LITERAL_CONVERSION = YES;
				CLANG_WARN_OBJC_ROOT_CLASS = YES_ERROR;
				CLANG_WARN_QUOTED_INCLUDE_IN_FRAMEWORK_HEADER = YES;
				CLANG_WARN_RANGE_LOOP_ANALYSIS = YES;
				CLANG_WARN_STRICT_PROTOTYPES = YES;
				CLANG_WARN_SUSPICIOUS_MOVE = YES;
				CLANG_WARN_UNGUARDED_AVAILABILITY = YES_AGGRESSIVE;
				CLANG_WARN_UNREACHABLE_CODE = YES;
				CLANG_WARN__DUPLICATE_METHOD_MATCH = YES;
				COPY_PHASE_STRIP = NO;
				DEBUG_INFORMATION_FORMAT = dwarf;
				ENABLE_STRICT_OBJC_MSGSEND = YES;
				ENABLE_TESTABILITY = YES;
				ENABLE_USER_SCRIPT_SANDBOXING = YES;
				GCC_C_LANGUAGE_STANDARD = gnu17;
				GCC_DYNAMIC_NO_PIC = NO;
				GCC_NO_COMMON_BLOCKS = YES;
				GCC_OPTIMIZATION_LEVEL = 0;
				GCC_PREPROCESSOR_DEFINITIONS = (
					"DEBUG=1",
					"$(inherited)",
				);
				GCC_WARN_64_TO_32_BIT_CONVERSION = YES;
				GCC_WARN_ABOUT_RETURN_TYPE = YES_ERROR;
				GCC_WARN_UNDECLARED_SELECTOR = YES;
				GCC_WARN_UNINITIALIZED_AUTOS = YES_AGGRESSIVE;
				GCC_WARN_UNUSED_FUNCTION = YES;
				GCC_WARN_UNUSED_VARIABLE = YES;
				IPHONEOS_DEPLOYMENT_TARGET = 17.5;
				LOCALIZATION_PREFERS_STRING_CATALOGS = YES;
				MTL_ENABLE_DEBUG_INFO = INCLUDE_SOURCE;
				MTL_FAST_MATH = YES;
				ONLY_ACTIVE_ARCH = YES;
				SDKROOT = iphoneos;
				SWIFT_ACTIVE_COMPILATION_CONDITIONS = "DEBUG $(inherited)";
				SWIFT_OPTIMIZATION_LEVEL = "-Onone";
			};
			name = Debug;
		};
		41A274372C1AEE6B007E339A /* Release */ = {
			isa = XCBuildConfiguration;
			buildSettings = {
				ALWAYS_SEARCH_USER_PATHS = NO;
				ASSETCATALOG_COMPILER_GENERATE_SWIFT_ASSET_SYMBOL_EXTENSIONS = YES;
				CLANG_ANALYZER_NONNULL = YES;
				CLANG_ANALYZER_NUMBER_OBJECT_CONVERSION = YES_AGGRESSIVE;
				CLANG_CXX_LANGUAGE_STANDARD = "gnu++20";
				CLANG_ENABLE_MODULES = YES;
				CLANG_ENABLE_OBJC_ARC = YES;
				CLANG_ENABLE_OBJC_WEAK = YES;
				CLANG_WARN_BLOCK_CAPTURE_AUTORELEASING = YES;
				CLANG_WARN_BOOL_CONVERSION = YES;
				CLANG_WARN_COMMA = YES;
				CLANG_WARN_CONSTANT_CONVERSION = YES;
				CLANG_WARN_DEPRECATED_OBJC_IMPLEMENTATIONS = YES;
				CLANG_WARN_DIRECT_OBJC_ISA_USAGE = YES_ERROR;
				CLANG_WARN_DOCUMENTATION_COMMENTS = YES;
				CLANG_WARN_EMPTY_BODY = YES;
				CLANG_WARN_ENUM_CONVERSION = YES;
				CLANG_WARN_INFINITE_RECURSION = YES;
				CLANG_WARN_INT_CONVERSION = YES;
				CLANG_WARN_NON_LITERAL_NULL_CONVERSION = YES;
				CLANG_WARN_OBJC_IMPLICIT_RETAIN_SELF = YES;
				CLANG_WARN_OBJC_LITERAL_CONVERSION = YES;
				CLANG_WARN_OBJC_ROOT_CLASS = YES_ERROR;
				CLANG_WARN_QUOTED_INCLUDE_IN_FRAMEWORK_HEADER = YES;
				CLANG_WARN_RANGE_LOOP_ANALYSIS = YES;
				CLANG_WARN_STRICT_PROTOTYPES = YES;
				CLANG_WARN_SUSPICIOUS_MOVE = YES;
				CLANG_WARN_UNGUARDED_AVAILABILITY = YES_AGGRESSIVE;
				CLANG_WARN_UNREACHABLE_CODE = YES;
				CLANG_WARN__DUPLICATE_METHOD_MATCH = YES;
				COPY_PHASE_STRIP = NO;
				DEBUG_INFORMATION_FORMAT = "dwarf-with-dsym";
				ENABLE_NS_ASSERTIONS = NO;
				ENABLE_STRICT_OBJC_MSGSEND = YES;
				ENABLE_USER_SCRIPT_SANDBOXING = YES;
				GCC_C_LANGUAGE_STANDARD = gnu17;
				GCC_NO_COMMON_BLOCKS = YES;
				GCC_WARN_64_TO_32_BIT_CONVERSION = YES;
				GCC_WARN_ABOUT_RETURN_TYPE = YES_ERROR;
				GCC_WARN_UNDECLARED_SELECTOR = YES;
				GCC_WARN_UNINITIALIZED_AUTOS = YES_AGGRESSIVE;
				GCC_WARN_UNUSED_FUNCTION = YES;
				GCC_WARN_UNUSED_VARIABLE = YES;
				IPHONEOS_DEPLOYMENT_TARGET = 17.5;
				LOCALIZATION_PREFERS_STRING_CATALOGS = YES;
				MTL_ENABLE_DEBUG_INFO = NO;
				MTL_FAST_MATH = YES;
				SDKROOT = iphoneos;
				SWIFT_COMPILATION_MODE = wholemodule;
				VALIDATE_PRODUCT = YES;
			};
			name = Release;
		};
		41A274392C1AEE6B007E339A /* Debug */ = {
			isa = XCBuildConfiguration;
			buildSettings = {
				ASSETCATALOG_COMPILER_APPICON_NAME = AppIcon;
				ASSETCATALOG_COMPILER_GLOBAL_ACCENT_COLOR_NAME = AccentColor;
				CODE_SIGN_STYLE = Automatic;
				CURRENT_PROJECT_VERSION = 1;
				DEVELOPMENT_ASSET_PATHS = "\"BookWormSwiftDataVer/Preview Content\"";
				DEVELOPMENT_TEAM = G65X83T5KZ;
				ENABLE_PREVIEWS = YES;
				GENERATE_INFOPLIST_FILE = YES;
				INFOPLIST_KEY_UIApplicationSceneManifest_Generation = YES;
				INFOPLIST_KEY_UIApplicationSupportsIndirectInputEvents = YES;
				INFOPLIST_KEY_UILaunchScreen_Generation = YES;
				INFOPLIST_KEY_UISupportedInterfaceOrientations_iPad = "UIInterfaceOrientationPortrait UIInterfaceOrientationPortraitUpsideDown UIInterfaceOrientationLandscapeLeft UIInterfaceOrientationLandscapeRight";
				INFOPLIST_KEY_UISupportedInterfaceOrientations_iPhone = "UIInterfaceOrientationPortrait UIInterfaceOrientationLandscapeLeft UIInterfaceOrientationLandscapeRight";
				LD_RUNPATH_SEARCH_PATHS = (
					"$(inherited)",
					"@executable_path/Frameworks",
				);
				MARKETING_VERSION = 1.0;
				PRODUCT_BUNDLE_IDENTIFIER = com.yzhang.BookWormSwiftDataVer;
				PRODUCT_NAME = "$(TARGET_NAME)";
				SWIFT_EMIT_LOC_STRINGS = YES;
				SWIFT_VERSION = 5.0;
				TARGETED_DEVICE_FAMILY = "1,2";
			};
			name = Debug;
		};
		41A2743A2C1AEE6B007E339A /* Release */ = {
			isa = XCBuildConfiguration;
			buildSettings = {
				ASSETCATALOG_COMPILER_APPICON_NAME = AppIcon;
				ASSETCATALOG_COMPILER_GLOBAL_ACCENT_COLOR_NAME = AccentColor;
				CODE_SIGN_STYLE = Automatic;
				CURRENT_PROJECT_VERSION = 1;
				DEVELOPMENT_ASSET_PATHS = "\"BookWormSwiftDataVer/Preview Content\"";
				DEVELOPMENT_TEAM = G65X83T5KZ;
				ENABLE_PREVIEWS = YES;
				GENERATE_INFOPLIST_FILE = YES;
				INFOPLIST_KEY_UIApplicationSceneManifest_Generation = YES;
				INFOPLIST_KEY_UIApplicationSupportsIndirectInputEvents = YES;
				INFOPLIST_KEY_UILaunchScreen_Generation = YES;
				INFOPLIST_KEY_UISupportedInterfaceOrientations_iPad = "UIInterfaceOrientationPortrait UIInterfaceOrientationPortraitUpsideDown UIInterfaceOrientationLandscapeLeft UIInterfaceOrientationLandscapeRight";
				INFOPLIST_KEY_UISupportedInterfaceOrientations_iPhone = "UIInterfaceOrientationPortrait UIInterfaceOrientationLandscapeLeft UIInterfaceOrientationLandscapeRight";
				LD_RUNPATH_SEARCH_PATHS = (
					"$(inherited)",
					"@executable_path/Frameworks",
				);
				MARKETING_VERSION = 1.0;
				PRODUCT_BUNDLE_IDENTIFIER = com.yzhang.BookWormSwiftDataVer;
				PRODUCT_NAME = "$(TARGET_NAME)";
				SWIFT_EMIT_LOC_STRINGS = YES;
				SWIFT_VERSION = 5.0;
				TARGETED_DEVICE_FAMILY = "1,2";
			};
			name = Release;
		};
/* End XCBuildConfiguration section */

/* Begin XCConfigurationList section */
		41A274232C1AEE69007E339A /* Build configuration list for PBXProject "BookWormSwiftDataVer" */ = {
			isa = XCConfigurationList;
			buildConfigurations = (
				41A274362C1AEE6B007E339A /* Debug */,
				41A274372C1AEE6B007E339A /* Release */,
			);
			defaultConfigurationIsVisible = 0;
			defaultConfigurationName = Release;
		};
		41A274382C1AEE6B007E339A /* Build configuration list for PBXNativeTarget "BookWormSwiftDataVer" */ = {
			isa = XCConfigurationList;
			buildConfigurations = (
				41A274392C1AEE6B007E339A /* Debug */,
				41A2743A2C1AEE6B007E339A /* Release */,
			);
			defaultConfigurationIsVisible = 0;
			defaultConfigurationName = Release;
		};
/* End XCConfigurationList section */
	};
	rootObject = 41A274202C1AEE69007E339A /* Project object */;
}
